
Microsoft Visual Studio Solution File, Format Version 12.00
# Visual Studio Version 17
VisualStudioVersion = 17.5.33502.453
MinimumVisualStudioVersion = 10.0.40219.1
Project("{FAE04EC0-301F-11D3-BF4B-00C04F79EFBC}") = "LoopsLab", "LoopsLab\LoopsLab.csproj", "{FA79A5E6-40A6-4D77-92B2-42E6C9CF6FBA}"
EndProject
Global
	GlobalSection(SolutionConfigurationPlatforms) = preSolution
		Debug|Any CPU = Debug|Any CPU
		Release|Any CPU = Release|Any CPU
	EndGlobalSection
	GlobalSection(ProjectConfigurationPlatforms) = postSolution
		{FA79A5E6-40A6-4D77-92B2-42E6C9CF6FBA}.Debug|Any CPU.ActiveCfg = Debug|Any CPU
		{FA79A5E6-40A6-4D77-92B2-42E6C9CF6FBA}.Debug|Any CPU.Build.0 = Debug|Any CPU
		{FA79A5E6-40A6-4D77-92B2-42E6C9CF6FBA}.Release|Any CPU.ActiveCfg = Release|Any CPU
		{FA79A5E6-40A6-4D77-92B2-42E6C9CF6FBA}.Release|Any CPU.Build.0 = Release|Any CPU
	EndGlobalSection
	GlobalSection(SolutionProperties) = preSolution
		HideSolutionNode = FALSE
	EndGlobalSection
	GlobalSection(ExtensibilityGlobals) = postSolution
		SolutionGuid = {3C2F7BE4-3968-451A-97E8-B51F0528E11B}
	EndGlobalSection
EndGlobal
